{
    "name": "streamcraft",
    "version": "1.0.0",
    "lockfileVersion": 3,
    "requires": true,
    "packages": {
        "": {
            "name": "streamcraft",
            "version": "1.0.0",
            "workspaces": [
                "Bits/*/ui"
            ],
            "devDependencies": {}
        },
        "Bits/StreamCraft.Bits.Sc2/ui": {
            "name": "streamcraft-sc2-overlay",
            "version": "1.0.0",
            "extraneous": true,
            "dependencies": {
                "solid-js": "^1.9.3"
            },
            "devDependencies": {
                "vite": "^5.4.11",
                "vite-plugin-solid": "^2.10.2"
            }
        }
    }
}
