
Microsoft Visual Studio Solution File, Format Version 12.00
# Visual Studio Version 17
VisualStudioVersion = 17.0.31903.59
MinimumVisualStudioVersion = 10.0.40219.1
Project("{FAE04EC0-301F-11D3-BF4B-00C04F79EFBC}") = "App", "App\App.csproj", "{9D07B57B-D64C-4DCE-89D7-8DD3CC70F0FD}"
EndProject
Project("{FAE04EC0-301F-11D3-BF4B-00C04F79EFBC}") = "Core", "Core\Core.csproj", "{1AAB9056-B0E5-4C24-BA60-AD721B5117AC}"
EndProject
Project("{FAE04EC0-301F-11D3-BF4B-00C04F79EFBC}") = "Engine", "Engine\Engine.csproj", "{1B62CDF5-2E96-4888-97F3-C66975926FB3}"
EndProject
Project("{FAE04EC0-301F-11D3-BF4B-00C04F79EFBC}") = "Hosting", "Hosting\Hosting.csproj", "{84DC559A-8314-4B29-9BC8-F8A2961CC02F}"
EndProject
Project("{2150E333-8FDC-42A3-9474-1A3956D46DE8}") = "Bits", "Bits", "{EB5F58F5-5FBB-DEDC-2068-19BE84A207D8}"
EndProject
Project("{FAE04EC0-301F-11D3-BF4B-00C04F79EFBC}") = "Messaging.Shared", "Messaging.Shared\Messaging.Shared.csproj", "{CAE621F1-02CA-4431-998D-43942B030A44}"
EndProject
Project("{2150E333-8FDC-42A3-9474-1A3956D46DE8}") = "Sc2", "Sc2", "{E00E0E51-A0F5-03D0-604A-9F37F768BF25}"
EndProject
Project("{FAE04EC0-301F-11D3-BF4B-00C04F79EFBC}") = "Sc2.Messages", "Bits\Games\Sc2.Messages\Sc2.Messages.csproj", "{114A3FEA-6A61-4629-B277-F69F3C428C96}"
EndProject
Project("{2150E333-8FDC-42A3-9474-1A3956D46DE8}") = "Debug", "Debug", "{207061A6-965C-C9FC-37D3-D6DA468A9B7D}"
EndProject
Project("{FAE04EC0-301F-11D3-BF4B-00C04F79EFBC}") = "Debug.Messages", "Bits\Debug\Debug.Messages\Debug.Messages.csproj", "{5A5879D7-4B40-47D7-BCE4-FBB8CE986597}"
EndProject
Project("{FAE04EC0-301F-11D3-BF4B-00C04F79EFBC}") = "Sc2", "Bits\Games\Sc2\Sc2.csproj", "{ACAC5312-BB8B-40F7-B689-CF060CD71A42}"
EndProject
Project("{FAE04EC0-301F-11D3-BF4B-00C04F79EFBC}") = "Debug", "Bits\Debug\Debug\Debug.csproj", "{15271411-F6B2-40FF-863A-BF6DB64F2867}"
EndProject
Project("{2150E333-8FDC-42A3-9474-1A3956D46DE8}") = "Plugins", "Plugins", "{5B98A2B4-98DD-F632-3135-D672EB389CA7}"
EndProject
Project("{FAE04EC0-301F-11D3-BF4B-00C04F79EFBC}") = "Plugins", "Bits\Plugins\Plugins.csproj", "{4C2CC743-8249-487B-B5BC-A5F894DBA478}"
EndProject
Project("{2150E333-8FDC-42A3-9474-1A3956D46DE8}") = "Lib", "Lib", "{02EA681E-C7D8-13C7-8484-4AC65E1B71E8}"
EndProject
Project("{FAE04EC0-301F-11D3-BF4B-00C04F79EFBC}") = "Sc2PulseClient", "Sc2PulseClient\Sc2PulseClient.csproj", "{E36A82EB-27F6-A6B8-2893-6ADD656F756F}"
EndProject
Project("{FAE04EC0-301F-11D3-BF4B-00C04F79EFBC}") = "Sc2GameDataClient", "Sc2GameDataClient\Sc2GameDataClient.csproj", "{6C9B7A4E-3C0A-4B5E-9F8B-1A3C6F4F3B12}"
EndProject
Project("{FAE04EC0-301F-11D3-BF4B-00C04F79EFBC}") = "Exceptions", "Bits\Exceptions\Exceptions.csproj", "{0DD09863-E59B-4883-A12C-C01EC5B9200D}"
EndProject
Global
	GlobalSection(SolutionConfigurationPlatforms) = preSolution
		Debug|Any CPU = Debug|Any CPU
		Debug|x64 = Debug|x64
		Debug|x86 = Debug|x86
		Release|Any CPU = Release|Any CPU
		Release|x64 = Release|x64
		Release|x86 = Release|x86
	EndGlobalSection
	GlobalSection(ProjectConfigurationPlatforms) = postSolution
		{9D07B57B-D64C-4DCE-89D7-8DD3CC70F0FD}.Debug|Any CPU.ActiveCfg = Debug|Any CPU
		{9D07B57B-D64C-4DCE-89D7-8DD3CC70F0FD}.Debug|Any CPU.Build.0 = Debug|Any CPU
		{9D07B57B-D64C-4DCE-89D7-8DD3CC70F0FD}.Debug|x64.ActiveCfg = Debug|Any CPU
		{9D07B57B-D64C-4DCE-89D7-8DD3CC70F0FD}.Debug|x64.Build.0 = Debug|Any CPU
		{9D07B57B-D64C-4DCE-89D7-8DD3CC70F0FD}.Debug|x86.ActiveCfg = Debug|Any CPU
		{9D07B57B-D64C-4DCE-89D7-8DD3CC70F0FD}.Debug|x86.Build.0 = Debug|Any CPU
		{9D07B57B-D64C-4DCE-89D7-8DD3CC70F0FD}.Release|Any CPU.ActiveCfg = Release|Any CPU
		{9D07B57B-D64C-4DCE-89D7-8DD3CC70F0FD}.Release|Any CPU.Build.0 = Release|Any CPU
		{9D07B57B-D64C-4DCE-89D7-8DD3CC70F0FD}.Release|x64.ActiveCfg = Release|Any CPU
		{9D07B57B-D64C-4DCE-89D7-8DD3CC70F0FD}.Release|x64.Build.0 = Release|Any CPU
		{9D07B57B-D64C-4DCE-89D7-8DD3CC70F0FD}.Release|x86.ActiveCfg = Release|Any CPU
		{9D07B57B-D64C-4DCE-89D7-8DD3CC70F0FD}.Release|x86.Build.0 = Release|Any CPU
		{1AAB9056-B0E5-4C24-BA60-AD721B5117AC}.Debug|Any CPU.ActiveCfg = Debug|Any CPU
		{1AAB9056-B0E5-4C24-BA60-AD721B5117AC}.Debug|Any CPU.Build.0 = Debug|Any CPU
		{1AAB9056-B0E5-4C24-BA60-AD721B5117AC}.Debug|x64.ActiveCfg = Debug|Any CPU
		{1AAB9056-B0E5-4C24-BA60-AD721B5117AC}.Debug|x64.Build.0 = Debug|Any CPU
		{1AAB9056-B0E5-4C24-BA60-AD721B5117AC}.Debug|x86.ActiveCfg = Debug|Any CPU
		{1AAB9056-B0E5-4C24-BA60-AD721B5117AC}.Debug|x86.Build.0 = Debug|Any CPU
		{1AAB9056-B0E5-4C24-BA60-AD721B5117AC}.Release|Any CPU.ActiveCfg = Release|Any CPU
		{1AAB9056-B0E5-4C24-BA60-AD721B5117AC}.Release|Any CPU.Build.0 = Release|Any CPU
		{1AAB9056-B0E5-4C24-BA60-AD721B5117AC}.Release|x64.ActiveCfg = Release|Any CPU
		{1AAB9056-B0E5-4C24-BA60-AD721B5117AC}.Release|x64.Build.0 = Release|Any CPU
		{1AAB9056-B0E5-4C24-BA60-AD721B5117AC}.Release|x86.ActiveCfg = Release|Any CPU
		{1AAB9056-B0E5-4C24-BA60-AD721B5117AC}.Release|x86.Build.0 = Release|Any CPU
		{1B62CDF5-2E96-4888-97F3-C66975926FB3}.Debug|Any CPU.ActiveCfg = Debug|Any CPU
		{1B62CDF5-2E96-4888-97F3-C66975926FB3}.Debug|Any CPU.Build.0 = Debug|Any CPU
		{1B62CDF5-2E96-4888-97F3-C66975926FB3}.Debug|x64.ActiveCfg = Debug|Any CPU
		{1B62CDF5-2E96-4888-97F3-C66975926FB3}.Debug|x64.Build.0 = Debug|Any CPU
		{1B62CDF5-2E96-4888-97F3-C66975926FB3}.Debug|x86.ActiveCfg = Debug|Any CPU
		{1B62CDF5-2E96-4888-97F3-C66975926FB3}.Debug|x86.Build.0 = Debug|Any CPU
		{1B62CDF5-2E96-4888-97F3-C66975926FB3}.Release|Any CPU.ActiveCfg = Release|Any CPU
		{1B62CDF5-2E96-4888-97F3-C66975926FB3}.Release|Any CPU.Build.0 = Release|Any CPU
		{1B62CDF5-2E96-4888-97F3-C66975926FB3}.Release|x64.ActiveCfg = Release|Any CPU
		{1B62CDF5-2E96-4888-97F3-C66975926FB3}.Release|x64.Build.0 = Release|Any CPU
		{1B62CDF5-2E96-4888-97F3-C66975926FB3}.Release|x86.ActiveCfg = Release|Any CPU
		{1B62CDF5-2E96-4888-97F3-C66975926FB3}.Release|x86.Build.0 = Release|Any CPU
		{84DC559A-8314-4B29-9BC8-F8A2961CC02F}.Debug|Any CPU.ActiveCfg = Debug|Any CPU
		{84DC559A-8314-4B29-9BC8-F8A2961CC02F}.Debug|Any CPU.Build.0 = Debug|Any CPU
		{84DC559A-8314-4B29-9BC8-F8A2961CC02F}.Debug|x64.ActiveCfg = Debug|Any CPU
		{84DC559A-8314-4B29-9BC8-F8A2961CC02F}.Debug|x64.Build.0 = Debug|Any CPU
		{84DC559A-8314-4B29-9BC8-F8A2961CC02F}.Debug|x86.ActiveCfg = Debug|Any CPU
		{84DC559A-8314-4B29-9BC8-F8A2961CC02F}.Debug|x86.Build.0 = Debug|Any CPU
		{84DC559A-8314-4B29-9BC8-F8A2961CC02F}.Release|Any CPU.ActiveCfg = Release|Any CPU
		{84DC559A-8314-4B29-9BC8-F8A2961CC02F}.Release|Any CPU.Build.0 = Release|Any CPU
		{84DC559A-8314-4B29-9BC8-F8A2961CC02F}.Release|x64.ActiveCfg = Release|Any CPU
		{84DC559A-8314-4B29-9BC8-F8A2961CC02F}.Release|x64.Build.0 = Release|Any CPU
		{84DC559A-8314-4B29-9BC8-F8A2961CC02F}.Release|x86.ActiveCfg = Release|Any CPU
		{84DC559A-8314-4B29-9BC8-F8A2961CC02F}.Release|x86.Build.0 = Release|Any CPU
		{CAE621F1-02CA-4431-998D-43942B030A44}.Debug|Any CPU.ActiveCfg = Debug|Any CPU
		{CAE621F1-02CA-4431-998D-43942B030A44}.Debug|Any CPU.Build.0 = Debug|Any CPU
		{CAE621F1-02CA-4431-998D-43942B030A44}.Debug|x64.ActiveCfg = Debug|Any CPU
		{CAE621F1-02CA-4431-998D-43942B030A44}.Debug|x64.Build.0 = Debug|Any CPU
		{CAE621F1-02CA-4431-998D-43942B030A44}.Debug|x86.ActiveCfg = Debug|Any CPU
		{CAE621F1-02CA-4431-998D-43942B030A44}.Debug|x86.Build.0 = Debug|Any CPU
		{CAE621F1-02CA-4431-998D-43942B030A44}.Release|Any CPU.ActiveCfg = Release|Any CPU
		{CAE621F1-02CA-4431-998D-43942B030A44}.Release|Any CPU.Build.0 = Release|Any CPU
		{CAE621F1-02CA-4431-998D-43942B030A44}.Release|x64.ActiveCfg = Release|Any CPU
		{CAE621F1-02CA-4431-998D-43942B030A44}.Release|x64.Build.0 = Release|Any CPU
		{CAE621F1-02CA-4431-998D-43942B030A44}.Release|x86.ActiveCfg = Release|Any CPU
		{CAE621F1-02CA-4431-998D-43942B030A44}.Release|x86.Build.0 = Release|Any CPU
		{114A3FEA-6A61-4629-B277-F69F3C428C96}.Debug|Any CPU.ActiveCfg = Debug|Any CPU
		{114A3FEA-6A61-4629-B277-F69F3C428C96}.Debug|Any CPU.Build.0 = Debug|Any CPU
		{114A3FEA-6A61-4629-B277-F69F3C428C96}.Debug|x64.ActiveCfg = Debug|Any CPU
		{114A3FEA-6A61-4629-B277-F69F3C428C96}.Debug|x64.Build.0 = Debug|Any CPU
		{114A3FEA-6A61-4629-B277-F69F3C428C96}.Debug|x86.ActiveCfg = Debug|Any CPU
		{114A3FEA-6A61-4629-B277-F69F3C428C96}.Debug|x86.Build.0 = Debug|Any CPU
		{114A3FEA-6A61-4629-B277-F69F3C428C96}.Release|Any CPU.ActiveCfg = Release|Any CPU
		{114A3FEA-6A61-4629-B277-F69F3C428C96}.Release|Any CPU.Build.0 = Release|Any CPU
		{114A3FEA-6A61-4629-B277-F69F3C428C96}.Release|x64.ActiveCfg = Release|Any CPU
		{114A3FEA-6A61-4629-B277-F69F3C428C96}.Release|x64.Build.0 = Release|Any CPU
		{114A3FEA-6A61-4629-B277-F69F3C428C96}.Release|x86.ActiveCfg = Release|Any CPU
		{114A3FEA-6A61-4629-B277-F69F3C428C96}.Release|x86.Build.0 = Release|Any CPU
		{5A5879D7-4B40-47D7-BCE4-FBB8CE986597}.Debug|Any CPU.ActiveCfg = Debug|Any CPU
		{5A5879D7-4B40-47D7-BCE4-FBB8CE986597}.Debug|Any CPU.Build.0 = Debug|Any CPU
		{5A5879D7-4B40-47D7-BCE4-FBB8CE986597}.Debug|x64.ActiveCfg = Debug|Any CPU
		{5A5879D7-4B40-47D7-BCE4-FBB8CE986597}.Debug|x64.Build.0 = Debug|Any CPU
		{5A5879D7-4B40-47D7-BCE4-FBB8CE986597}.Debug|x86.ActiveCfg = Debug|Any CPU
		{5A5879D7-4B40-47D7-BCE4-FBB8CE986597}.Debug|x86.Build.0 = Debug|Any CPU
		{5A5879D7-4B40-47D7-BCE4-FBB8CE986597}.Release|Any CPU.ActiveCfg = Release|Any CPU
		{5A5879D7-4B40-47D7-BCE4-FBB8CE986597}.Release|Any CPU.Build.0 = Release|Any CPU
		{5A5879D7-4B40-47D7-BCE4-FBB8CE986597}.Release|x64.ActiveCfg = Release|Any CPU
		{5A5879D7-4B40-47D7-BCE4-FBB8CE986597}.Release|x64.Build.0 = Release|Any CPU
		{5A5879D7-4B40-47D7-BCE4-FBB8CE986597}.Release|x86.ActiveCfg = Release|Any CPU
		{5A5879D7-4B40-47D7-BCE4-FBB8CE986597}.Release|x86.Build.0 = Release|Any CPU
		{ACAC5312-BB8B-40F7-B689-CF060CD71A42}.Debug|Any CPU.ActiveCfg = Debug|Any CPU
		{ACAC5312-BB8B-40F7-B689-CF060CD71A42}.Debug|Any CPU.Build.0 = Debug|Any CPU
		{ACAC5312-BB8B-40F7-B689-CF060CD71A42}.Debug|x64.ActiveCfg = Debug|Any CPU
		{ACAC5312-BB8B-40F7-B689-CF060CD71A42}.Debug|x64.Build.0 = Debug|Any CPU
		{ACAC5312-BB8B-40F7-B689-CF060CD71A42}.Debug|x86.ActiveCfg = Debug|Any CPU
		{ACAC5312-BB8B-40F7-B689-CF060CD71A42}.Debug|x86.Build.0 = Debug|Any CPU
		{ACAC5312-BB8B-40F7-B689-CF060CD71A42}.Release|Any CPU.ActiveCfg = Release|Any CPU
		{ACAC5312-BB8B-40F7-B689-CF060CD71A42}.Release|Any CPU.Build.0 = Release|Any CPU
		{ACAC5312-BB8B-40F7-B689-CF060CD71A42}.Release|x64.ActiveCfg = Release|Any CPU
		{ACAC5312-BB8B-40F7-B689-CF060CD71A42}.Release|x64.Build.0 = Release|Any CPU
		{ACAC5312-BB8B-40F7-B689-CF060CD71A42}.Release|x86.ActiveCfg = Release|Any CPU
		{ACAC5312-BB8B-40F7-B689-CF060CD71A42}.Release|x86.Build.0 = Release|Any CPU
		{15271411-F6B2-40FF-863A-BF6DB64F2867}.Debug|Any CPU.ActiveCfg = Debug|Any CPU
		{15271411-F6B2-40FF-863A-BF6DB64F2867}.Debug|Any CPU.Build.0 = Debug|Any CPU
		{15271411-F6B2-40FF-863A-BF6DB64F2867}.Debug|x64.ActiveCfg = Debug|Any CPU
		{15271411-F6B2-40FF-863A-BF6DB64F2867}.Debug|x64.Build.0 = Debug|Any CPU
		{15271411-F6B2-40FF-863A-BF6DB64F2867}.Debug|x86.ActiveCfg = Debug|Any CPU
		{15271411-F6B2-40FF-863A-BF6DB64F2867}.Debug|x86.Build.0 = Debug|Any CPU
		{15271411-F6B2-40FF-863A-BF6DB64F2867}.Release|Any CPU.ActiveCfg = Release|Any CPU
		{15271411-F6B2-40FF-863A-BF6DB64F2867}.Release|Any CPU.Build.0 = Release|Any CPU
		{15271411-F6B2-40FF-863A-BF6DB64F2867}.Release|x64.ActiveCfg = Release|Any CPU
		{15271411-F6B2-40FF-863A-BF6DB64F2867}.Release|x64.Build.0 = Release|Any CPU
		{15271411-F6B2-40FF-863A-BF6DB64F2867}.Release|x86.ActiveCfg = Release|Any CPU
		{15271411-F6B2-40FF-863A-BF6DB64F2867}.Release|x86.Build.0 = Release|Any CPU
		{4C2CC743-8249-487B-B5BC-A5F894DBA478}.Debug|Any CPU.ActiveCfg = Debug|Any CPU
		{4C2CC743-8249-487B-B5BC-A5F894DBA478}.Debug|Any CPU.Build.0 = Debug|Any CPU
		{4C2CC743-8249-487B-B5BC-A5F894DBA478}.Debug|x64.ActiveCfg = Debug|Any CPU
		{4C2CC743-8249-487B-B5BC-A5F894DBA478}.Debug|x64.Build.0 = Debug|Any CPU
		{4C2CC743-8249-487B-B5BC-A5F894DBA478}.Debug|x86.ActiveCfg = Debug|Any CPU
		{4C2CC743-8249-487B-B5BC-A5F894DBA478}.Debug|x86.Build.0 = Debug|Any CPU
		{4C2CC743-8249-487B-B5BC-A5F894DBA478}.Release|Any CPU.ActiveCfg = Release|Any CPU
		{4C2CC743-8249-487B-B5BC-A5F894DBA478}.Release|Any CPU.Build.0 = Release|Any CPU
		{4C2CC743-8249-487B-B5BC-A5F894DBA478}.Release|x64.ActiveCfg = Release|Any CPU
		{4C2CC743-8249-487B-B5BC-A5F894DBA478}.Release|x64.Build.0 = Release|Any CPU
		{4C2CC743-8249-487B-B5BC-A5F894DBA478}.Release|x86.ActiveCfg = Release|Any CPU
		{4C2CC743-8249-487B-B5BC-A5F894DBA478}.Release|x86.Build.0 = Release|Any CPU
		{E36A82EB-27F6-A6B8-2893-6ADD656F756F}.Debug|Any CPU.ActiveCfg = Debug|Any CPU
		{E36A82EB-27F6-A6B8-2893-6ADD656F756F}.Debug|Any CPU.Build.0 = Debug|Any CPU
		{E36A82EB-27F6-A6B8-2893-6ADD656F756F}.Debug|x64.ActiveCfg = Debug|Any CPU
		{E36A82EB-27F6-A6B8-2893-6ADD656F756F}.Debug|x64.Build.0 = Debug|Any CPU
		{E36A82EB-27F6-A6B8-2893-6ADD656F756F}.Debug|x86.ActiveCfg = Debug|Any CPU
		{E36A82EB-27F6-A6B8-2893-6ADD656F756F}.Debug|x86.Build.0 = Debug|Any CPU
		{E36A82EB-27F6-A6B8-2893-6ADD656F756F}.Release|Any CPU.ActiveCfg = Release|Any CPU
		{E36A82EB-27F6-A6B8-2893-6ADD656F756F}.Release|Any CPU.Build.0 = Release|Any CPU
		{E36A82EB-27F6-A6B8-2893-6ADD656F756F}.Release|x64.ActiveCfg = Release|Any CPU
		{E36A82EB-27F6-A6B8-2893-6ADD656F756F}.Release|x64.Build.0 = Release|Any CPU
		{E36A82EB-27F6-A6B8-2893-6ADD656F756F}.Release|x86.ActiveCfg = Release|Any CPU
		{E36A82EB-27F6-A6B8-2893-6ADD656F756F}.Release|x86.Build.0 = Release|Any CPU
		{6C9B7A4E-3C0A-4B5E-9F8B-1A3C6F4F3B12}.Debug|Any CPU.ActiveCfg = Debug|Any CPU
		{6C9B7A4E-3C0A-4B5E-9F8B-1A3C6F4F3B12}.Debug|Any CPU.Build.0 = Debug|Any CPU
		{6C9B7A4E-3C0A-4B5E-9F8B-1A3C6F4F3B12}.Debug|x64.ActiveCfg = Debug|Any CPU
		{6C9B7A4E-3C0A-4B5E-9F8B-1A3C6F4F3B12}.Debug|x64.Build.0 = Debug|Any CPU
		{6C9B7A4E-3C0A-4B5E-9F8B-1A3C6F4F3B12}.Debug|x86.ActiveCfg = Debug|Any CPU
		{6C9B7A4E-3C0A-4B5E-9F8B-1A3C6F4F3B12}.Debug|x86.Build.0 = Debug|Any CPU
		{6C9B7A4E-3C0A-4B5E-9F8B-1A3C6F4F3B12}.Release|Any CPU.ActiveCfg = Release|Any CPU
		{6C9B7A4E-3C0A-4B5E-9F8B-1A3C6F4F3B12}.Release|Any CPU.Build.0 = Release|Any CPU
		{6C9B7A4E-3C0A-4B5E-9F8B-1A3C6F4F3B12}.Release|x64.ActiveCfg = Release|Any CPU
		{6C9B7A4E-3C0A-4B5E-9F8B-1A3C6F4F3B12}.Release|x64.Build.0 = Release|Any CPU
		{6C9B7A4E-3C0A-4B5E-9F8B-1A3C6F4F3B12}.Release|x86.ActiveCfg = Release|Any CPU
		{6C9B7A4E-3C0A-4B5E-9F8B-1A3C6F4F3B12}.Release|x86.Build.0 = Release|Any CPU
		{0DD09863-E59B-4883-A12C-C01EC5B9200D}.Debug|Any CPU.ActiveCfg = Debug|Any CPU
		{0DD09863-E59B-4883-A12C-C01EC5B9200D}.Debug|Any CPU.Build.0 = Debug|Any CPU
		{0DD09863-E59B-4883-A12C-C01EC5B9200D}.Debug|x64.ActiveCfg = Debug|Any CPU
		{0DD09863-E59B-4883-A12C-C01EC5B9200D}.Debug|x64.Build.0 = Debug|Any CPU
		{0DD09863-E59B-4883-A12C-C01EC5B9200D}.Debug|x86.ActiveCfg = Debug|Any CPU
		{0DD09863-E59B-4883-A12C-C01EC5B9200D}.Debug|x86.Build.0 = Debug|Any CPU
		{0DD09863-E59B-4883-A12C-C01EC5B9200D}.Release|Any CPU.ActiveCfg = Release|Any CPU
		{0DD09863-E59B-4883-A12C-C01EC5B9200D}.Release|Any CPU.Build.0 = Release|Any CPU
		{0DD09863-E59B-4883-A12C-C01EC5B9200D}.Release|x64.ActiveCfg = Release|Any CPU
		{0DD09863-E59B-4883-A12C-C01EC5B9200D}.Release|x64.Build.0 = Release|Any CPU
		{0DD09863-E59B-4883-A12C-C01EC5B9200D}.Release|x86.ActiveCfg = Release|Any CPU
		{0DD09863-E59B-4883-A12C-C01EC5B9200D}.Release|x86.Build.0 = Release|Any CPU
	EndGlobalSection
	GlobalSection(SolutionProperties) = preSolution
		HideSolutionNode = FALSE
	EndGlobalSection
	GlobalSection(NestedProjects) = preSolution
		{E00E0E51-A0F5-03D0-604A-9F37F768BF25} = {EB5F58F5-5FBB-DEDC-2068-19BE84A207D8}
		{114A3FEA-6A61-4629-B277-F69F3C428C96} = {E00E0E51-A0F5-03D0-604A-9F37F768BF25}
		{207061A6-965C-C9FC-37D3-D6DA468A9B7D} = {EB5F58F5-5FBB-DEDC-2068-19BE84A207D8}
		{5A5879D7-4B40-47D7-BCE4-FBB8CE986597} = {207061A6-965C-C9FC-37D3-D6DA468A9B7D}
		{ACAC5312-BB8B-40F7-B689-CF060CD71A42} = {E00E0E51-A0F5-03D0-604A-9F37F768BF25}
		{15271411-F6B2-40FF-863A-BF6DB64F2867} = {207061A6-965C-C9FC-37D3-D6DA468A9B7D}
		{5B98A2B4-98DD-F632-3135-D672EB389CA7} = {EB5F58F5-5FBB-DEDC-2068-19BE84A207D8}
		{4C2CC743-8249-487B-B5BC-A5F894DBA478} = {5B98A2B4-98DD-F632-3135-D672EB389CA7}
		{E36A82EB-27F6-A6B8-2893-6ADD656F756F} = {02EA681E-C7D8-13C7-8484-4AC65E1B71E8}
		{6C9B7A4E-3C0A-4B5E-9F8B-1A3C6F4F3B12} = {02EA681E-C7D8-13C7-8484-4AC65E1B71E8}
		{0DD09863-E59B-4883-A12C-C01EC5B9200D} = {EB5F58F5-5FBB-DEDC-2068-19BE84A207D8}
	EndGlobalSection
EndGlobal
